
Microsoft Visual Studio Solution File, Format Version 12.00
# Visual Studio Version 17
VisualStudioVersion = 17.2.32616.157
MinimumVisualStudioVersion = 10.0.40219.1
Project("{FAE04EC0-301F-11D3-BF4B-00C04F79EFBC}") = "ContactsAPI", "ContactsAPI.csproj", "{D97F0ABF-94E0-4E6F-A4F3-E65C9EE7C2A4}"
EndProject
Global
	GlobalSection(SolutionConfigurationPlatforms) = preSolution
		Debug|Any CPU = Debug|Any CPU
		Release|Any CPU = Release|Any CPU
	EndGlobalSection
	GlobalSection(ProjectConfigurationPlatforms) = postSolution
		{D97F0ABF-94E0-4E6F-A4F3-E65C9EE7C2A4}.Debug|Any CPU.ActiveCfg = Debug|Any CPU
		{D97F0ABF-94E0-4E6F-A4F3-E65C9EE7C2A4}.Debug|Any CPU.Build.0 = Debug|Any CPU
		{D97F0ABF-94E0-4E6F-A4F3-E65C9EE7C2A4}.Release|Any CPU.ActiveCfg = Release|Any CPU
		{D97F0ABF-94E0-4E6F-A4F3-E65C9EE7C2A4}.Release|Any CPU.Build.0 = Release|Any CPU
	EndGlobalSection
	GlobalSection(SolutionProperties) = preSolution
		HideSolutionNode = FALSE
	EndGlobalSection
	GlobalSection(ExtensibilityGlobals) = postSolution
		SolutionGuid = {3F4B7BDC-0541-46A1-BE58-F8D88C370A1C}
	EndGlobalSection
EndGlobal
